// !$*UTF8*$!
{
	archiveVersion = 1;
	classes = {
	};
	objectVersion = 46;
	objects = {

/* Begin PBXBuildFile section */
		55126CDE1F6D40F8004CBFD6 /* REVChooseCurrencyViewController.m in Sources */ = {isa = PBXBuildFile; fileRef = 55126CDD1F6D40F8004CBFD6 /* REVChooseCurrencyViewController.m */; };
		5512B6551F63EAF200775DD0 /* REVDeltaCurrency.m in Sources */ = {isa = PBXBuildFile; fileRef = 5512B6541F63EAF200775DD0 /* REVDeltaCurrency.m */; };
		5512B65A1F63F0D200775DD0 /* REVUSDMoney.m in Sources */ = {isa = PBXBuildFile; fileRef = 5512B6591F63F0D200775DD0 /* REVUSDMoney.m */; };
		5512B65D1F63F31D00775DD0 /* REVEURMoney.m in Sources */ = {isa = PBXBuildFile; fileRef = 5512B65C1F63F31D00775DD0 /* REVEURMoney.m */; };
		5512B6601F63F37E00775DD0 /* REVGBPMoney.m in Sources */ = {isa = PBXBuildFile; fileRef = 5512B65F1F63F37E00775DD0 /* REVGBPMoney.m */; };
		5512B6661F63F90000775DD0 /* REVUSDCurrency.m in Sources */ = {isa = PBXBuildFile; fileRef = 5512B6651F63F90000775DD0 /* REVUSDCurrency.m */; };
		5512B6691F63F99300775DD0 /* REVEURCurrency.m in Sources */ = {isa = PBXBuildFile; fileRef = 5512B6681F63F99300775DD0 /* REVEURCurrency.m */; };
		5512B66C1F63F9CE00775DD0 /* REVGBPCurrency.m in Sources */ = {isa = PBXBuildFile; fileRef = 5512B66B1F63F9CD00775DD0 /* REVGBPCurrency.m */; };
		553085C31F645AC1006D9389 /* NSDecimalNumber+Currency.m in Sources */ = {isa = PBXBuildFile; fileRef = 553085C21F645AC1006D9389 /* NSDecimalNumber+Currency.m */; };
		5598B62C1F63E2810017C0E5 /* REVRequestMoney.m in Sources */ = {isa = PBXBuildFile; fileRef = 5598B62B1F63E2810017C0E5 /* REVRequestMoney.m */; };
		55AFD3461F616FD900CFCE96 /* main.m in Sources */ = {isa = PBXBuildFile; fileRef = 55AFD3451F616FD900CFCE96 /* main.m */; };
		55AFD3491F616FD900CFCE96 /* AppDelegate.m in Sources */ = {isa = PBXBuildFile; fileRef = 55AFD3481F616FD900CFCE96 /* AppDelegate.m */; };
		55AFD3511F616FD900CFCE96 /* Assets.xcassets in Resources */ = {isa = PBXBuildFile; fileRef = 55AFD3501F616FD900CFCE96 /* Assets.xcassets */; };
		55AFD3541F616FD900CFCE96 /* LaunchScreen.storyboard in Resources */ = {isa = PBXBuildFile; fileRef = 55AFD3521F616FD900CFCE96 /* LaunchScreen.storyboard */; };
		55AFD36E1F61705700CFCE96 /* REVMoney.m in Sources */ = {isa = PBXBuildFile; fileRef = 55AFD36D1F61705700CFCE96 /* REVMoney.m */; };
		55AFD3711F61755100CFCE96 /* REVCurrency.m in Sources */ = {isa = PBXBuildFile; fileRef = 55AFD3701F61755100CFCE96 /* REVCurrency.m */; };
		55E6F6F41F63C3D300062D17 /* REVWallet.m in Sources */ = {isa = PBXBuildFile; fileRef = 55E6F6F31F63C3D300062D17 /* REVWallet.m */; };
		55E6F6F61F63C84F00062D17 /* REVWalletTests.m in Sources */ = {isa = PBXBuildFile; fileRef = 55E6F6F51F63C84F00062D17 /* REVWalletTests.m */; };
		55F226221F6D4427004A0565 /* REVCurrencyRateAPIService.m in Sources */ = {isa = PBXBuildFile; fileRef = 55F226211F6D4427004A0565 /* REVCurrencyRateAPIService.m */; };
		55F226251F6D4554004A0565 /* REVRate.m in Sources */ = {isa = PBXBuildFile; fileRef = 55F226241F6D4554004A0565 /* REVRate.m */; };
		55F226291F6D49DB004A0565 /* REVCurrencyRateXMLParser.m in Sources */ = {isa = PBXBuildFile; fileRef = 55F226281F6D49DB004A0565 /* REVCurrencyRateXMLParser.m */; };
		55F2262C1F6D8EED004A0565 /* REVCurrencyRateTimerServive.m in Sources */ = {isa = PBXBuildFile; fileRef = 55F2262B1F6D8EED004A0565 /* REVCurrencyRateTimerServive.m */; };
		55F226301F6DB1B4004A0565 /* REVRatesDownloader.m in Sources */ = {isa = PBXBuildFile; fileRef = 55F2262F1F6DB1B4004A0565 /* REVRatesDownloader.m */; };
		55F226331F6DCF16004A0565 /* Reachability.m in Sources */ = {isa = PBXBuildFile; fileRef = 55F226311F6DCF16004A0565 /* Reachability.m */; };
		55F226361F6DD711004A0565 /* REVReachabilityService.m in Sources */ = {isa = PBXBuildFile; fileRef = 55F226351F6DD711004A0565 /* REVReachabilityService.m */; };
/* End PBXBuildFile section */

/* Begin PBXContainerItemProxy section */
		55AFD35B1F616FDA00CFCE96 /* PBXContainerItemProxy */ = {
			isa = PBXContainerItemProxy;
			containerPortal = 55AFD3391F616FD900CFCE96 /* Project object */;
			proxyType = 1;
			remoteGlobalIDString = 55AFD3401F616FD900CFCE96;
			remoteInfo = revolutCurrencyConverterDemo;
		};
/* End PBXContainerItemProxy section */

/* Begin PBXFileReference section */
		55126CDC1F6D40F8004CBFD6 /* REVChooseCurrencyViewController.h */ = {isa = PBXFileReference; fileEncoding = 4; lastKnownFileType = sourcecode.c.h; path = REVChooseCurrencyViewController.h; sourceTree = "<group>"; };
		55126CDD1F6D40F8004CBFD6 /* REVChooseCurrencyViewController.m */ = {isa = PBXFileReference; fileEncoding = 4; lastKnownFileType = sourcecode.c.objc; path = REVChooseCurrencyViewController.m; sourceTree = "<group>"; };
		5512B6531F63EAF200775DD0 /* REVDeltaCurrency.h */ = {isa = PBXFileReference; lastKnownFileType = sourcecode.c.h; path = REVDeltaCurrency.h; sourceTree = "<group>"; };
		5512B6541F63EAF200775DD0 /* REVDeltaCurrency.m */ = {isa = PBXFileReference; lastKnownFileType = sourcecode.c.objc; path = REVDeltaCurrency.m; sourceTree = "<group>"; };
		5512B6581F63F0D200775DD0 /* REVUSDMoney.h */ = {isa = PBXFileReference; lastKnownFileType = sourcecode.c.h; path = REVUSDMoney.h; sourceTree = "<group>"; };
		5512B6591F63F0D200775DD0 /* REVUSDMoney.m */ = {isa = PBXFileReference; lastKnownFileType = sourcecode.c.objc; path = REVUSDMoney.m; sourceTree = "<group>"; };
		5512B65B1F63F31D00775DD0 /* REVEURMoney.h */ = {isa = PBXFileReference; lastKnownFileType = sourcecode.c.h; path = REVEURMoney.h; sourceTree = "<group>"; };
		5512B65C1F63F31D00775DD0 /* REVEURMoney.m */ = {isa = PBXFileReference; lastKnownFileType = sourcecode.c.objc; path = REVEURMoney.m; sourceTree = "<group>"; };
		5512B65E1F63F37E00775DD0 /* REVGBPMoney.h */ = {isa = PBXFileReference; lastKnownFileType = sourcecode.c.h; path = REVGBPMoney.h; sourceTree = "<group>"; };
		5512B65F1F63F37E00775DD0 /* REVGBPMoney.m */ = {isa = PBXFileReference; lastKnownFileType = sourcecode.c.objc; path = REVGBPMoney.m; sourceTree = "<group>"; };
		5512B6641F63F90000775DD0 /* REVUSDCurrency.h */ = {isa = PBXFileReference; lastKnownFileType = sourcecode.c.h; path = REVUSDCurrency.h; sourceTree = "<group>"; };
		5512B6651F63F90000775DD0 /* REVUSDCurrency.m */ = {isa = PBXFileReference; lastKnownFileType = sourcecode.c.objc; path = REVUSDCurrency.m; sourceTree = "<group>"; };
		5512B6671F63F99300775DD0 /* REVEURCurrency.h */ = {isa = PBXFileReference; lastKnownFileType = sourcecode.c.h; path = REVEURCurrency.h; sourceTree = "<group>"; };
		5512B6681F63F99300775DD0 /* REVEURCurrency.m */ = {isa = PBXFileReference; lastKnownFileType = sourcecode.c.objc; path = REVEURCurrency.m; sourceTree = "<group>"; };
		5512B66A1F63F9CD00775DD0 /* REVGBPCurrency.h */ = {isa = PBXFileReference; lastKnownFileType = sourcecode.c.h; path = REVGBPCurrency.h; sourceTree = "<group>"; };
		5512B66B1F63F9CD00775DD0 /* REVGBPCurrency.m */ = {isa = PBXFileReference; lastKnownFileType = sourcecode.c.objc; path = REVGBPCurrency.m; sourceTree = "<group>"; };
		553085C11F645AC1006D9389 /* NSDecimalNumber+Currency.h */ = {isa = PBXFileReference; lastKnownFileType = sourcecode.c.h; path = "NSDecimalNumber+Currency.h"; sourceTree = "<group>"; };
		553085C21F645AC1006D9389 /* NSDecimalNumber+Currency.m */ = {isa = PBXFileReference; lastKnownFileType = sourcecode.c.objc; path = "NSDecimalNumber+Currency.m"; sourceTree = "<group>"; };
		5598B62A1F63E2810017C0E5 /* REVRequestMoney.h */ = {isa = PBXFileReference; lastKnownFileType = sourcecode.c.h; path = REVRequestMoney.h; sourceTree = "<group>"; };
		5598B62B1F63E2810017C0E5 /* REVRequestMoney.m */ = {isa = PBXFileReference; lastKnownFileType = sourcecode.c.objc; path = REVRequestMoney.m; sourceTree = "<group>"; };
		55AFD3411F616FD900CFCE96 /* revolutCurrencyConverterDemo.app */ = {isa = PBXFileReference; explicitFileType = wrapper.application; includeInIndex = 0; path = revolutCurrencyConverterDemo.app; sourceTree = BUILT_PRODUCTS_DIR; };
		55AFD3451F616FD900CFCE96 /* main.m */ = {isa = PBXFileReference; lastKnownFileType = sourcecode.c.objc; path = main.m; sourceTree = "<group>"; };
		55AFD3471F616FD900CFCE96 /* AppDelegate.h */ = {isa = PBXFileReference; lastKnownFileType = sourcecode.c.h; path = AppDelegate.h; sourceTree = "<group>"; };
		55AFD3481F616FD900CFCE96 /* AppDelegate.m */ = {isa = PBXFileReference; lastKnownFileType = sourcecode.c.objc; path = AppDelegate.m; sourceTree = "<group>"; };
		55AFD3501F616FD900CFCE96 /* Assets.xcassets */ = {isa = PBXFileReference; lastKnownFileType = folder.assetcatalog; path = Assets.xcassets; sourceTree = "<group>"; };
		55AFD3531F616FD900CFCE96 /* Base */ = {isa = PBXFileReference; lastKnownFileType = file.storyboard; name = Base; path = Base.lproj/LaunchScreen.storyboard; sourceTree = "<group>"; };
		55AFD3551F616FD900CFCE96 /* Info.plist */ = {isa = PBXFileReference; lastKnownFileType = text.plist.xml; path = Info.plist; sourceTree = "<group>"; };
		55AFD35A1F616FDA00CFCE96 /* revolutCurrencyConverterDemoTests.xctest */ = {isa = PBXFileReference; explicitFileType = wrapper.cfbundle; includeInIndex = 0; path = revolutCurrencyConverterDemoTests.xctest; sourceTree = BUILT_PRODUCTS_DIR; };
		55AFD3601F616FDA00CFCE96 /* Info.plist */ = {isa = PBXFileReference; lastKnownFileType = text.plist.xml; path = Info.plist; sourceTree = "<group>"; };
		55AFD36C1F61705700CFCE96 /* REVMoney.h */ = {isa = PBXFileReference; fileEncoding = 4; lastKnownFileType = sourcecode.c.h; path = REVMoney.h; sourceTree = "<group>"; };
		55AFD36D1F61705700CFCE96 /* REVMoney.m */ = {isa = PBXFileReference; fileEncoding = 4; lastKnownFileType = sourcecode.c.objc; path = REVMoney.m; sourceTree = "<group>"; };
		55AFD36F1F61755100CFCE96 /* REVCurrency.h */ = {isa = PBXFileReference; fileEncoding = 4; lastKnownFileType = sourcecode.c.h; path = REVCurrency.h; sourceTree = "<group>"; };
		55AFD3701F61755100CFCE96 /* REVCurrency.m */ = {isa = PBXFileReference; fileEncoding = 4; lastKnownFileType = sourcecode.c.objc; path = REVCurrency.m; sourceTree = "<group>"; };
		55AFD3741F618BEE00CFCE96 /* REVRateServiceProtocol.h */ = {isa = PBXFileReference; fileEncoding = 4; lastKnownFileType = sourcecode.c.h; path = REVRateServiceProtocol.h; sourceTree = "<group>"; };
		55E6F6F21F63C3D300062D17 /* REVWallet.h */ = {isa = PBXFileReference; fileEncoding = 4; lastKnownFileType = sourcecode.c.h; path = REVWallet.h; sourceTree = "<group>"; };
		55E6F6F31F63C3D300062D17 /* REVWallet.m */ = {isa = PBXFileReference; fileEncoding = 4; lastKnownFileType = sourcecode.c.objc; path = REVWallet.m; sourceTree = "<group>"; };
		55E6F6F51F63C84F00062D17 /* REVWalletTests.m */ = {isa = PBXFileReference; fileEncoding = 4; lastKnownFileType = sourcecode.c.objc; path = REVWalletTests.m; sourceTree = "<group>"; };
		55E6F6F81F63C92700062D17 /* Prefix.pch */ = {isa = PBXFileReference; fileEncoding = 4; lastKnownFileType = sourcecode.c.h; path = Prefix.pch; sourceTree = "<group>"; };
		55F226201F6D4427004A0565 /* REVCurrencyRateAPIService.h */ = {isa = PBXFileReference; lastKnownFileType = sourcecode.c.h; path = REVCurrencyRateAPIService.h; sourceTree = "<group>"; };
		55F226211F6D4427004A0565 /* REVCurrencyRateAPIService.m */ = {isa = PBXFileReference; lastKnownFileType = sourcecode.c.objc; path = REVCurrencyRateAPIService.m; sourceTree = "<group>"; };
		55F226231F6D4554004A0565 /* REVRate.h */ = {isa = PBXFileReference; lastKnownFileType = sourcecode.c.h; path = REVRate.h; sourceTree = "<group>"; };
		55F226241F6D4554004A0565 /* REVRate.m */ = {isa = PBXFileReference; lastKnownFileType = sourcecode.c.objc; path = REVRate.m; sourceTree = "<group>"; };
		55F226271F6D49DB004A0565 /* REVCurrencyRateXMLParser.h */ = {isa = PBXFileReference; lastKnownFileType = sourcecode.c.h; path = REVCurrencyRateXMLParser.h; sourceTree = "<group>"; };
		55F226281F6D49DB004A0565 /* REVCurrencyRateXMLParser.m */ = {isa = PBXFileReference; lastKnownFileType = sourcecode.c.objc; path = REVCurrencyRateXMLParser.m; sourceTree = "<group>"; };
		55F2262A1F6D8EED004A0565 /* REVCurrencyRateTimerServive.h */ = {isa = PBXFileReference; lastKnownFileType = sourcecode.c.h; path = REVCurrencyRateTimerServive.h; sourceTree = "<group>"; };
		55F2262B1F6D8EED004A0565 /* REVCurrencyRateTimerServive.m */ = {isa = PBXFileReference; lastKnownFileType = sourcecode.c.objc; path = REVCurrencyRateTimerServive.m; sourceTree = "<group>"; };
		55F2262D1F6D8F2E004A0565 /* REVCurrencyRateServiceProtocol.h */ = {isa = PBXFileReference; lastKnownFileType = sourcecode.c.h; path = REVCurrencyRateServiceProtocol.h; sourceTree = "<group>"; };
		55F2262E1F6DB1B3004A0565 /* REVRatesDownloader.h */ = {isa = PBXFileReference; lastKnownFileType = sourcecode.c.h; path = REVRatesDownloader.h; sourceTree = "<group>"; };
		55F2262F1F6DB1B4004A0565 /* REVRatesDownloader.m */ = {isa = PBXFileReference; lastKnownFileType = sourcecode.c.objc; path = REVRatesDownloader.m; sourceTree = "<group>"; };
		55F226311F6DCF16004A0565 /* Reachability.m */ = {isa = PBXFileReference; lastKnownFileType = sourcecode.c.objc; path = Reachability.m; sourceTree = "<group>"; };
		55F226321F6DCF16004A0565 /* Reachability.h */ = {isa = PBXFileReference; lastKnownFileType = sourcecode.c.h; path = Reachability.h; sourceTree = "<group>"; };
		55F226341F6DD711004A0565 /* REVReachabilityService.h */ = {isa = PBXFileReference; lastKnownFileType = sourcecode.c.h; path = REVReachabilityService.h; sourceTree = "<group>"; };
		55F226351F6DD711004A0565 /* REVReachabilityService.m */ = {isa = PBXFileReference; lastKnownFileType = sourcecode.c.objc; path = REVReachabilityService.m; sourceTree = "<group>"; };
/* End PBXFileReference section */

/* Begin PBXFrameworksBuildPhase section */
		55AFD33E1F616FD900CFCE96 /* Frameworks */ = {
			isa = PBXFrameworksBuildPhase;
			buildActionMask = 2147483647;
			files = (
			);
			runOnlyForDeploymentPostprocessing = 0;
		};
		55AFD3571F616FDA00CFCE96 /* Frameworks */ = {
			isa = PBXFrameworksBuildPhase;
			buildActionMask = 2147483647;
			files = (
			);
			runOnlyForDeploymentPostprocessing = 0;
		};
/* End PBXFrameworksBuildPhase section */

/* Begin PBXGroup section */
		550918811F658BE400B7EA07 /* Services */ = {
			isa = PBXGroup;
			children = (
				55F226321F6DCF16004A0565 /* Reachability.h */,
				55F226311F6DCF16004A0565 /* Reachability.m */,
				55F226341F6DD711004A0565 /* REVReachabilityService.h */,
				55F226351F6DD711004A0565 /* REVReachabilityService.m */,
				55F2262A1F6D8EED004A0565 /* REVCurrencyRateTimerServive.h */,
				55F2262B1F6D8EED004A0565 /* REVCurrencyRateTimerServive.m */,
				55F2262D1F6D8F2E004A0565 /* REVCurrencyRateServiceProtocol.h */,
				55F226201F6D4427004A0565 /* REVCurrencyRateAPIService.h */,
				55F226211F6D4427004A0565 /* REVCurrencyRateAPIService.m */,
				55F226271F6D49DB004A0565 /* REVCurrencyRateXMLParser.h */,
				55F226281F6D49DB004A0565 /* REVCurrencyRateXMLParser.m */,
				55F2262E1F6DB1B3004A0565 /* REVRatesDownloader.h */,
				55F2262F1F6DB1B4004A0565 /* REVRatesDownloader.m */,
				55F226231F6D4554004A0565 /* REVRate.h */,
				55F226241F6D4554004A0565 /* REVRate.m */,
			);
			path = Services;
			sourceTree = "<group>";
		};
		5512B6571F63F07F00775DD0 /* Money */ = {
			isa = PBXGroup;
			children = (
				55AFD36C1F61705700CFCE96 /* REVMoney.h */,
				55AFD36D1F61705700CFCE96 /* REVMoney.m */,
				5512B6581F63F0D200775DD0 /* REVUSDMoney.h */,
				5512B6591F63F0D200775DD0 /* REVUSDMoney.m */,
				5512B65B1F63F31D00775DD0 /* REVEURMoney.h */,
				5512B65C1F63F31D00775DD0 /* REVEURMoney.m */,
				5512B65E1F63F37E00775DD0 /* REVGBPMoney.h */,
				5512B65F1F63F37E00775DD0 /* REVGBPMoney.m */,
			);
			path = Money;
			sourceTree = "<group>";
		};
		5512B6631F63F89C00775DD0 /* Currency */ = {
			isa = PBXGroup;
			children = (
				55AFD36F1F61755100CFCE96 /* REVCurrency.h */,
				55AFD3701F61755100CFCE96 /* REVCurrency.m */,
				5512B6641F63F90000775DD0 /* REVUSDCurrency.h */,
				5512B6651F63F90000775DD0 /* REVUSDCurrency.m */,
				5512B6671F63F99300775DD0 /* REVEURCurrency.h */,
				5512B6681F63F99300775DD0 /* REVEURCurrency.m */,
				5512B66A1F63F9CD00775DD0 /* REVGBPCurrency.h */,
				5512B66B1F63F9CD00775DD0 /* REVGBPCurrency.m */,
			);
			path = Currency;
			sourceTree = "<group>";
		};
		553085C01F645A86006D9389 /* Categories */ = {
			isa = PBXGroup;
			children = (
				553085C11F645AC1006D9389 /* NSDecimalNumber+Currency.h */,
				553085C21F645AC1006D9389 /* NSDecimalNumber+Currency.m */,
			);
			path = Categories;
			sourceTree = "<group>";
		};
		55AFD3381F616FD900CFCE96 = {
			isa = PBXGroup;
			children = (
				55AFD3431F616FD900CFCE96 /* revolutCurrencyConverterDemo */,
				55AFD35D1F616FDA00CFCE96 /* revolutCurrencyConverterDemoTests */,
				55AFD3421F616FD900CFCE96 /* Products */,
			);
			sourceTree = "<group>";
		};
		55AFD3421F616FD900CFCE96 /* Products */ = {
			isa = PBXGroup;
			children = (
				55AFD3411F616FD900CFCE96 /* revolutCurrencyConverterDemo.app */,
				55AFD35A1F616FDA00CFCE96 /* revolutCurrencyConverterDemoTests.xctest */,
			);
			name = Products;
			sourceTree = "<group>";
		};
		55AFD3431F616FD900CFCE96 /* revolutCurrencyConverterDemo */ = {
			isa = PBXGroup;
			children = (
				550918811F658BE400B7EA07 /* Services */,
				553085C01F645A86006D9389 /* Categories */,
				5512B6631F63F89C00775DD0 /* Currency */,
				5512B6571F63F07F00775DD0 /* Money */,
				55AFD3471F616FD900CFCE96 /* AppDelegate.h */,
				55AFD3481F616FD900CFCE96 /* AppDelegate.m */,
				55126CDC1F6D40F8004CBFD6 /* REVChooseCurrencyViewController.h */,
				55126CDD1F6D40F8004CBFD6 /* REVChooseCurrencyViewController.m */,
				5598B62A1F63E2810017C0E5 /* REVRequestMoney.h */,
				5598B62B1F63E2810017C0E5 /* REVRequestMoney.m */,
				5512B6531F63EAF200775DD0 /* REVDeltaCurrency.h */,
				5512B6541F63EAF200775DD0 /* REVDeltaCurrency.m */,
				55E6F6F21F63C3D300062D17 /* REVWallet.h */,
				55E6F6F31F63C3D300062D17 /* REVWallet.m */,
				55AFD3741F618BEE00CFCE96 /* REVRateServiceProtocol.h */,
				55E6F6F81F63C92700062D17 /* Prefix.pch */,
				55AFD3501F616FD900CFCE96 /* Assets.xcassets */,
				55AFD3521F616FD900CFCE96 /* LaunchScreen.storyboard */,
				55AFD3551F616FD900CFCE96 /* Info.plist */,
				55AFD3441F616FD900CFCE96 /* Supporting Files */,
			);
			path = revolutCurrencyConverterDemo;
			sourceTree = "<group>";
		};
		55AFD3441F616FD900CFCE96 /* Supporting Files */ = {
			isa = PBXGroup;
			children = (
				55AFD3451F616FD900CFCE96 /* main.m */,
			);
			name = "Supporting Files";
			sourceTree = "<group>";
		};
		55AFD35D1F616FDA00CFCE96 /* revolutCurrencyConverterDemoTests */ = {
			isa = PBXGroup;
			children = (
				55E6F6F51F63C84F00062D17 /* REVWalletTests.m */,
				55AFD3601F616FDA00CFCE96 /* Info.plist */,
			);
			path = revolutCurrencyConverterDemoTests;
			sourceTree = "<group>";
		};
/* End PBXGroup section */

/* Begin PBXNativeTarget section */
		55AFD3401F616FD900CFCE96 /* revolutCurrencyConverterDemo */ = {
			isa = PBXNativeTarget;
			buildConfigurationList = 55AFD3631F616FDA00CFCE96 /* Build configuration list for PBXNativeTarget "revolutCurrencyConverterDemo" */;
			buildPhases = (
				55AFD33D1F616FD900CFCE96 /* Sources */,
				55AFD33E1F616FD900CFCE96 /* Frameworks */,
				55AFD33F1F616FD900CFCE96 /* Resources */,
			);
			buildRules = (
			);
			dependencies = (
			);
			name = revolutCurrencyConverterDemo;
			productName = revolutCurrencyConverterDemo;
			productReference = 55AFD3411F616FD900CFCE96 /* revolutCurrencyConverterDemo.app */;
			productType = "com.apple.product-type.application";
		};
		55AFD3591F616FDA00CFCE96 /* revolutCurrencyConverterDemoTests */ = {
			isa = PBXNativeTarget;
			buildConfigurationList = 55AFD3661F616FDA00CFCE96 /* Build configuration list for PBXNativeTarget "revolutCurrencyConverterDemoTests" */;
			buildPhases = (
				55AFD3561F616FDA00CFCE96 /* Sources */,
				55AFD3571F616FDA00CFCE96 /* Frameworks */,
				55AFD3581F616FDA00CFCE96 /* Resources */,
			);
			buildRules = (
			);
			dependencies = (
				55AFD35C1F616FDA00CFCE96 /* PBXTargetDependency */,
			);
			name = revolutCurrencyConverterDemoTests;
			productName = revolutCurrencyConverterDemoTests;
			productReference = 55AFD35A1F616FDA00CFCE96 /* revolutCurrencyConverterDemoTests.xctest */;
			productType = "com.apple.product-type.bundle.unit-test";
		};
/* End PBXNativeTarget section */

/* Begin PBXProject section */
		55AFD3391F616FD900CFCE96 /* Project object */ = {
			isa = PBXProject;
			attributes = {
				LastUpgradeCheck = 0900;
				ORGANIZATIONNAME = lebedac;
				TargetAttributes = {
					55AFD3401F616FD900CFCE96 = {
						CreatedOnToolsVersion = 8.3.2;
						DevelopmentTeam = 6UKGANHQB6;
						ProvisioningStyle = Automatic;
					};
					55AFD3591F616FDA00CFCE96 = {
						CreatedOnToolsVersion = 8.3.2;
						DevelopmentTeam = 6UKGANHQB6;
						ProvisioningStyle = Automatic;
						TestTargetID = 55AFD3401F616FD900CFCE96;
					};
				};
			};
			buildConfigurationList = 55AFD33C1F616FD900CFCE96 /* Build configuration list for PBXProject "revolutCurrencyConverterDemo" */;
			compatibilityVersion = "Xcode 3.2";
			developmentRegion = English;
			hasScannedForEncodings = 0;
			knownRegions = (
				en,
				Base,
			);
			mainGroup = 55AFD3381F616FD900CFCE96;
			productRefGroup = 55AFD3421F616FD900CFCE96 /* Products */;
			projectDirPath = "";
			projectRoot = "";
			targets = (
				55AFD3401F616FD900CFCE96 /* revolutCurrencyConverterDemo */,
				55AFD3591F616FDA00CFCE96 /* revolutCurrencyConverterDemoTests */,
			);
		};
/* End PBXProject section */

/* Begin PBXResourcesBuildPhase section */
		55AFD33F1F616FD900CFCE96 /* Resources */ = {
			isa = PBXResourcesBuildPhase;
			buildActionMask = 2147483647;
			files = (
				55AFD3541F616FD900CFCE96 /* LaunchScreen.storyboard in Resources */,
				55AFD3511F616FD900CFCE96 /* Assets.xcassets in Resources */,
			);
			runOnlyForDeploymentPostprocessing = 0;
		};
		55AFD3581F616FDA00CFCE96 /* Resources */ = {
			isa = PBXResourcesBuildPhase;
			buildActionMask = 2147483647;
			files = (
			);
			runOnlyForDeploymentPostprocessing = 0;
		};
/* End PBXResourcesBuildPhase section */

/* Begin PBXSourcesBuildPhase section */
		55AFD33D1F616FD900CFCE96 /* Sources */ = {
			isa = PBXSourcesBuildPhase;
			buildActionMask = 2147483647;
			files = (
				55F2262C1F6D8EED004A0565 /* REVCurrencyRateTimerServive.m in Sources */,
				55126CDE1F6D40F8004CBFD6 /* REVChooseCurrencyViewController.m in Sources */,
				55F226301F6DB1B4004A0565 /* REVRatesDownloader.m in Sources */,
				5598B62C1F63E2810017C0E5 /* REVRequestMoney.m in Sources */,
				5512B6601F63F37E00775DD0 /* REVGBPMoney.m in Sources */,
				55E6F6F41F63C3D300062D17 /* REVWallet.m in Sources */,
				553085C31F645AC1006D9389 /* NSDecimalNumber+Currency.m in Sources */,
				55F226291F6D49DB004A0565 /* REVCurrencyRateXMLParser.m in Sources */,
				5512B6661F63F90000775DD0 /* REVUSDCurrency.m in Sources */,
				55AFD3711F61755100CFCE96 /* REVCurrency.m in Sources */,
				55F226331F6DCF16004A0565 /* Reachability.m in Sources */,
				5512B65D1F63F31D00775DD0 /* REVEURMoney.m in Sources */,
				55AFD3491F616FD900CFCE96 /* AppDelegate.m in Sources */,
				5512B6691F63F99300775DD0 /* REVEURCurrency.m in Sources */,
				5512B66C1F63F9CE00775DD0 /* REVGBPCurrency.m in Sources */,
				55F226251F6D4554004A0565 /* REVRate.m in Sources */,
				55F226361F6DD711004A0565 /* REVReachabilityService.m in Sources */,
				5512B6551F63EAF200775DD0 /* REVDeltaCurrency.m in Sources */,
				55AFD36E1F61705700CFCE96 /* REVMoney.m in Sources */,
				55F226221F6D4427004A0565 /* REVCurrencyRateAPIService.m in Sources */,
				55AFD3461F616FD900CFCE96 /* main.m in Sources */,
				5512B65A1F63F0D200775DD0 /* REVUSDMoney.m in Sources */,
			);
			runOnlyForDeploymentPostprocessing = 0;
		};
		55AFD3561F616FDA00CFCE96 /* Sources */ = {
			isa = PBXSourcesBuildPhase;
			buildActionMask = 2147483647;
			files = (
				55E6F6F61F63C84F00062D17 /* REVWalletTests.m in Sources */,
			);
			runOnlyForDeploymentPostprocessing = 0;
		};
/* End PBXSourcesBuildPhase section */

/* Begin PBXTargetDependency section */
		55AFD35C1F616FDA00CFCE96 /* PBXTargetDependency */ = {
			isa = PBXTargetDependency;
			target = 55AFD3401F616FD900CFCE96 /* revolutCurrencyConverterDemo */;
			targetProxy = 55AFD35B1F616FDA00CFCE96 /* PBXContainerItemProxy */;
		};
/* End PBXTargetDependency section */

/* Begin PBXVariantGroup section */
		55AFD3521F616FD900CFCE96 /* LaunchScreen.storyboard */ = {
			isa = PBXVariantGroup;
			children = (
				55AFD3531F616FD900CFCE96 /* Base */,
			);
			name = LaunchScreen.storyboard;
			sourceTree = "<group>";
		};
/* End PBXVariantGroup section */

/* Begin XCBuildConfiguration section */
		55AFD3611F616FDA00CFCE96 /* Debug */ = {
			isa = XCBuildConfiguration;
			buildSettings = {
				ALWAYS_SEARCH_USER_PATHS = NO;
				CLANG_ANALYZER_NONNULL = YES;
				CLANG_ANALYZER_NUMBER_OBJECT_CONVERSION = YES_AGGRESSIVE;
				CLANG_CXX_LANGUAGE_STANDARD = "gnu++0x";
				CLANG_CXX_LIBRARY = "libc++";
				CLANG_ENABLE_MODULES = YES;
				CLANG_ENABLE_OBJC_ARC = YES;
				CLANG_WARN_BLOCK_CAPTURE_AUTORELEASING = YES;
				CLANG_WARN_BOOL_CONVERSION = YES;
				CLANG_WARN_COMMA = YES;
				CLANG_WARN_CONSTANT_CONVERSION = YES;
				CLANG_WARN_DIRECT_OBJC_ISA_USAGE = YES_ERROR;
				CLANG_WARN_DOCUMENTATION_COMMENTS = YES;
				CLANG_WARN_EMPTY_BODY = YES;
				CLANG_WARN_ENUM_CONVERSION = YES;
				CLANG_WARN_INFINITE_RECURSION = YES;
				CLANG_WARN_INT_CONVERSION = YES;
				CLANG_WARN_NON_LITERAL_NULL_CONVERSION = YES;
				CLANG_WARN_OBJC_LITERAL_CONVERSION = YES;
				CLANG_WARN_OBJC_ROOT_CLASS = YES_ERROR;
				CLANG_WARN_RANGE_LOOP_ANALYSIS = YES;
				CLANG_WARN_STRICT_PROTOTYPES = YES;
				CLANG_WARN_SUSPICIOUS_MOVE = YES;
				CLANG_WARN_UNREACHABLE_CODE = YES;
				CLANG_WARN__DUPLICATE_METHOD_MATCH = YES;
				"CODE_SIGN_IDENTITY[sdk=iphoneos*]" = "iPhone Developer";
				COPY_PHASE_STRIP = NO;
				DEBUG_INFORMATION_FORMAT = dwarf;
				ENABLE_STRICT_OBJC_MSGSEND = YES;
				ENABLE_TESTABILITY = YES;
				GCC_C_LANGUAGE_STANDARD = gnu99;
				GCC_DYNAMIC_NO_PIC = NO;
				GCC_NO_COMMON_BLOCKS = YES;
				GCC_OPTIMIZATION_LEVEL = 0;
				GCC_PREPROCESSOR_DEFINITIONS = (
					"DEBUG=1",
					"$(inherited)",
				);
				GCC_WARN_64_TO_32_BIT_CONVERSION = YES;
				GCC_WARN_ABOUT_RETURN_TYPE = YES_ERROR;
				GCC_WARN_UNDECLARED_SELECTOR = YES;
				GCC_WARN_UNINITIALIZED_AUTOS = YES_AGGRESSIVE;
				GCC_WARN_UNUSED_FUNCTION = YES;
				GCC_WARN_UNUSED_VARIABLE = YES;
				IPHONEOS_DEPLOYMENT_TARGET = 10.3;
				MTL_ENABLE_DEBUG_INFO = YES;
				ONLY_ACTIVE_ARCH = YES;
				SDKROOT = iphoneos;
			};
			name = Debug;
		};
		55AFD3621F616FDA00CFCE96 /* Release */ = {
			isa = XCBuildConfiguration;
			buildSettings = {
				ALWAYS_SEARCH_USER_PATHS = NO;
				CLANG_ANALYZER_NONNULL = YES;
				CLANG_ANALYZER_NUMBER_OBJECT_CONVERSION = YES_AGGRESSIVE;
				CLANG_CXX_LANGUAGE_STANDARD = "gnu++0x";
				CLANG_CXX_LIBRARY = "libc++";
				CLANG_ENABLE_MODULES = YES;
				CLANG_ENABLE_OBJC_ARC = YES;
				CLANG_WARN_BLOCK_CAPTURE_AUTORELEASING = YES;
				CLANG_WARN_BOOL_CONVERSION = YES;
				CLANG_WARN_COMMA = YES;
				CLANG_WARN_CONSTANT_CONVERSION = YES;
				CLANG_WARN_DIRECT_OBJC_ISA_USAGE = YES_ERROR;
				CLANG_WARN_DOCUMENTATION_COMMENTS = YES;
				CLANG_WARN_EMPTY_BODY = YES;
				CLANG_WARN_ENUM_CONVERSION = YES;
				CLANG_WARN_INFINITE_RECURSION = YES;
				CLANG_WARN_INT_CONVERSION = YES;
				CLANG_WARN_NON_LITERAL_NULL_CONVERSION = YES;
				CLANG_WARN_OBJC_LITERAL_CONVERSION = YES;
				CLANG_WARN_OBJC_ROOT_CLASS = YES_ERROR;
				CLANG_WARN_RANGE_LOOP_ANALYSIS = YES;
				CLANG_WARN_STRICT_PROTOTYPES = YES;
				CLANG_WARN_SUSPICIOUS_MOVE = YES;
				CLANG_WARN_UNREACHABLE_CODE = YES;
				CLANG_WARN__DUPLICATE_METHOD_MATCH = YES;
				"CODE_SIGN_IDENTITY[sdk=iphoneos*]" = "iPhone Developer";
				COPY_PHASE_STRIP = NO;
				DEBUG_INFORMATION_FORMAT = "dwarf-with-dsym";
				ENABLE_NS_ASSERTIONS = NO;
				ENABLE_STRICT_OBJC_MSGSEND = YES;
				GCC_C_LANGUAGE_STANDARD = gnu99;
				GCC_NO_COMMON_BLOCKS = YES;
				GCC_WARN_64_TO_32_BIT_CONVERSION = YES;
				GCC_WARN_ABOUT_RETURN_TYPE = YES_ERROR;
				GCC_WARN_UNDECLARED_SELECTOR = YES;
				GCC_WARN_UNINITIALIZED_AUTOS = YES_AGGRESSIVE;
				GCC_WARN_UNUSED_FUNCTION = YES;
				GCC_WARN_UNUSED_VARIABLE = YES;
				IPHONEOS_DEPLOYMENT_TARGET = 10.3;
				MTL_ENABLE_DEBUG_INFO = NO;
				SDKROOT = iphoneos;
				VALIDATE_PRODUCT = YES;
			};
			name = Release;
		};
		55AFD3641F616FDA00CFCE96 /* Debug */ = {
			isa = XCBuildConfiguration;
			buildSettings = {
				ASSETCATALOG_COMPILER_APPICON_NAME = AppIcon;
				DEVELOPMENT_TEAM = 6UKGANHQB6;
				GCC_PRECOMPILE_PREFIX_HEADER = YES;
				GCC_PREFIX_HEADER = "$(PROJECT_NAME)/Prefix.pch";
				INFOPLIST_FILE = revolutCurrencyConverterDemo/Info.plist;
				LD_RUNPATH_SEARCH_PATHS = "$(inherited) @executable_path/Frameworks";
				PRODUCT_BUNDLE_IDENTIFIER = com.lebedac.revolutCurrencyConverterDemo;
				PRODUCT_NAME = "$(TARGET_NAME)";
			};
			name = Debug;
		};
		55AFD3651F616FDA00CFCE96 /* Release */ = {
			isa = XCBuildConfiguration;
			buildSettings = {
				ASSETCATALOG_COMPILER_APPICON_NAME = AppIcon;
				DEVELOPMENT_TEAM = 6UKGANHQB6;
				GCC_PRECOMPILE_PREFIX_HEADER = YES;
				GCC_PREFIX_HEADER = "$(PROJECT_NAME)/Prefix.pch";
				INFOPLIST_FILE = revolutCurrencyConverterDemo/Info.plist;
				LD_RUNPATH_SEARCH_PATHS = "$(inherited) @executable_path/Frameworks";
				PRODUCT_BUNDLE_IDENTIFIER = com.lebedac.revolutCurrencyConverterDemo;
				PRODUCT_NAME = "$(TARGET_NAME)";
			};
			name = Release;
		};
		55AFD3671F616FDA00CFCE96 /* Debug */ = {
			isa = XCBuildConfiguration;
			buildSettings = {
				BUNDLE_LOADER = "$(TEST_HOST)";
				DEVELOPMENT_TEAM = 6UKGANHQB6;
				GCC_PRECOMPILE_PREFIX_HEADER = YES;
				GCC_PREFIX_HEADER = "$(PROJECT_NAME)/Prefix.pch";
				INFOPLIST_FILE = revolutCurrencyConverterDemoTests/Info.plist;
				LD_RUNPATH_SEARCH_PATHS = "$(inherited) @executable_path/Frameworks @loader_path/Frameworks";
				PRODUCT_BUNDLE_IDENTIFIER = com.lebedac.revolutCurrencyConverterDemoTests;
				PRODUCT_NAME = "$(TARGET_NAME)";
				TEST_HOST = "$(BUILT_PRODUCTS_DIR)/revolutCurrencyConverterDemo.app/revolutCurrencyConverterDemo";
			};
			name = Debug;
		};
		55AFD3681F616FDA00CFCE96 /* Release */ = {
			isa = XCBuildConfiguration;
			buildSettings = {
				BUNDLE_LOADER = "$(TEST_HOST)";
				DEVELOPMENT_TEAM = 6UKGANHQB6;
				GCC_PRECOMPILE_PREFIX_HEADER = YES;
				GCC_PREFIX_HEADER = "$(PROJECT_NAME)/Prefix.pch";
				INFOPLIST_FILE = revolutCurrencyConverterDemoTests/Info.plist;
				LD_RUNPATH_SEARCH_PATHS = "$(inherited) @executable_path/Frameworks @loader_path/Frameworks";
				PRODUCT_BUNDLE_IDENTIFIER = com.lebedac.revolutCurrencyConverterDemoTests;
				PRODUCT_NAME = "$(TARGET_NAME)";
				TEST_HOST = "$(BUILT_PRODUCTS_DIR)/revolutCurrencyConverterDemo.app/revolutCurrencyConverterDemo";
			};
			name = Release;
		};
/* End XCBuildConfiguration section */

/* Begin XCConfigurationList section */
		55AFD33C1F616FD900CFCE96 /* Build configuration list for PBXProject "revolutCurrencyConverterDemo" */ = {
			isa = XCConfigurationList;
			buildConfigurations = (
				55AFD3611F616FDA00CFCE96 /* Debug */,
				55AFD3621F616FDA00CFCE96 /* Release */,
			);
			defaultConfigurationIsVisible = 0;
			defaultConfigurationName = Release;
		};
		55AFD3631F616FDA00CFCE96 /* Build configuration list for PBXNativeTarget "revolutCurrencyConverterDemo" */ = {
			isa = XCConfigurationList;
			buildConfigurations = (
				55AFD3641F616FDA00CFCE96 /* Debug */,
				55AFD3651F616FDA00CFCE96 /* Release */,
			);
			defaultConfigurationIsVisible = 0;
			defaultConfigurationName = Release;
		};
		55AFD3661F616FDA00CFCE96 /* Build configuration list for PBXNativeTarget "revolutCurrencyConverterDemoTests" */ = {
			isa = XCConfigurationList;
			buildConfigurations = (
				55AFD3671F616FDA00CFCE96 /* Debug */,
				55AFD3681F616FDA00CFCE96 /* Release */,
			);
			defaultConfigurationIsVisible = 0;
			defaultConfigurationName = Release;
		};
/* End XCConfigurationList section */
	};
	rootObject = 55AFD3391F616FD900CFCE96 /* Project object */;
}
